
Microsoft Visual Studio Solution File, Format Version 12.00
# Visual Studio 15
VisualStudioVersion = 15.0.27004.2005
MinimumVisualStudioVersion = 10.0.40219.1
Project("{FAE04EC0-301F-11D3-BF4B-00C04F79EFBC}") = "MaridoDeAluguel", "MaridoDeAluguel\MaridoDeAluguel.csproj", "{886B0FE8-2080-47F3-9842-556531A9A1BB}"
EndProject
Project("{FAE04EC0-301F-11D3-BF4B-00C04F79EFBC}") = "MaridoDeAluguelTests", "MaridoDeAluguelTests\MaridoDeAluguelTests.csproj", "{659C37D5-E9A3-427E-9920-EA2AE3712711}"
EndProject
Global
	GlobalSection(SolutionConfigurationPlatforms) = preSolution
		Debug|Any CPU = Debug|Any CPU
		Release|Any CPU = Release|Any CPU
	EndGlobalSection
	GlobalSection(ProjectConfigurationPlatforms) = postSolution
		{886B0FE8-2080-47F3-9842-556531A9A1BB}.Debug|Any CPU.ActiveCfg = Release|Any CPU
		{886B0FE8-2080-47F3-9842-556531A9A1BB}.Debug|Any CPU.Build.0 = Release|Any CPU
		{886B0FE8-2080-47F3-9842-556531A9A1BB}.Release|Any CPU.ActiveCfg = Release|Any CPU
		{886B0FE8-2080-47F3-9842-556531A9A1BB}.Release|Any CPU.Build.0 = Release|Any CPU
		{659C37D5-E9A3-427E-9920-EA2AE3712711}.Debug|Any CPU.ActiveCfg = Debug|Any CPU
		{659C37D5-E9A3-427E-9920-EA2AE3712711}.Debug|Any CPU.Build.0 = Debug|Any CPU
		{659C37D5-E9A3-427E-9920-EA2AE3712711}.Release|Any CPU.ActiveCfg = Release|Any CPU
		{659C37D5-E9A3-427E-9920-EA2AE3712711}.Release|Any CPU.Build.0 = Release|Any CPU
	EndGlobalSection
	GlobalSection(SolutionProperties) = preSolution
		HideSolutionNode = FALSE
	EndGlobalSection
	GlobalSection(ExtensibilityGlobals) = postSolution
		SolutionGuid = {867537D5-9BB6-48AC-9314-456685F22087}
	EndGlobalSection
EndGlobal
